
Microsoft Visual Studio Solution File, Format Version 12.00
# Visual Studio 15
VisualStudioVersion = 15.0.27130.2010
MinimumVisualStudioVersion = 10.0.40219.1
Project("{2150E333-8FDC-42A3-9474-1A3956D46DE8}") = "Web", "Web", "{FFFF2676-E50E-4193-9FA1-3178CCD660A4}"
EndProject
Project("{2150E333-8FDC-42A3-9474-1A3956D46DE8}") = "Infrastructure", "Infrastructure", "{63541D4B-8B60-4493-8E8F-6FDF6818EA9A}"
EndProject
Project("{2150E333-8FDC-42A3-9474-1A3956D46DE8}") = "Core", "Core", "{445C4C04-BBD3-4027-A583-F127435DB323}"
EndProject
Project("{2150E333-8FDC-42A3-9474-1A3956D46DE8}") = "Data", "Data", "{0FC4C1B7-9219-443D-97A4-9A15E33A6AEF}"
EndProject
Project("{2150E333-8FDC-42A3-9474-1A3956D46DE8}") = "Domain", "Domain", "{920B6C5D-C964-4874-A055-3BA3600A9901}"
EndProject
Project("{2150E333-8FDC-42A3-9474-1A3956D46DE8}") = "Application", "Application", "{8CFC5C20-3693-43C3-88EB-B13F69536F4B}"
EndProject
Project("{2150E333-8FDC-42A3-9474-1A3956D46DE8}") = "Repository", "Repository", "{084FD520-5E81-4A81-B1C3-9A4F8E4903BE}"
EndProject
Project("{2150E333-8FDC-42A3-9474-1A3956D46DE8}") = "Context", "Context", "{44EF3E20-88F9-4F01-8F1A-36AE61172531}"
EndProject
Project("{2150E333-8FDC-42A3-9474-1A3956D46DE8}") = "UnitOfWork", "UnitOfWork", "{C51E7FA5-7B6C-4201-B7F9-B10EE40E66E5}"
EndProject
Project("{2150E333-8FDC-42A3-9474-1A3956D46DE8}") = "Entities", "Entities", "{43EB9D35-9C37-406A-999A-661061428C14}"
EndProject
Project("{2150E333-8FDC-42A3-9474-1A3956D46DE8}") = "ViewModels", "ViewModels", "{0ABE3168-5C79-4F6A-8AFE-F53C02D3B9E8}"
EndProject
Project("{FAE04EC0-301F-11D3-BF4B-00C04F79EFBC}") = "Easyvan.Web.Api", "Easyvan.Web.Api\Easyvan.Web.Api.csproj", "{3AB3F0FC-3C35-4036-B018-41EAAC877CDD}"
EndProject
Project("{FAE04EC0-301F-11D3-BF4B-00C04F79EFBC}") = "Easyvan.Core.Domain", "Easyvan.Core.Domain\Easyvan.Core.Domain.csproj", "{EA7521E2-8DE3-43B9-A588-1BA346D3EBFF}"
EndProject
Project("{FAE04EC0-301F-11D3-BF4B-00C04F79EFBC}") = "Easyvan.Core.Application", "Easyvan.Core.Application\Easyvan.Core.Application.csproj", "{A2092F93-FAEE-40E6-A0B9-97F7A225BD75}"
EndProject
Project("{FAE04EC0-301F-11D3-BF4B-00C04F79EFBC}") = "Easyvan.Core.Repository", "Easyvan.Core.Repository\Easyvan.Core.Repository.csproj", "{788E93E7-78B0-4D5A-8D14-5594BA8B212D}"
EndProject
Project("{FAE04EC0-301F-11D3-BF4B-00C04F79EFBC}") = "Easyvan.Web.ViewModel", "Easyvan.Web.ViewModel\Easyvan.Web.ViewModel.csproj", "{519AE560-85F9-401C-A8C2-24A282170F0B}"
EndProject
Project("{FAE04EC0-301F-11D3-BF4B-00C04F79EFBC}") = "Easyvan.Data.Context", "Easyvan.Data.Context\Easyvan.Data.Context.csproj", "{D36E22C2-9176-426D-9375-E4FFAB34C9FE}"
EndProject
Project("{FAE04EC0-301F-11D3-BF4B-00C04F79EFBC}") = "Easyvan.Data.Entity", "Easyvan.Data.Entity\Easyvan.Data.Entity.csproj", "{659E2564-681E-4AE5-9204-34A0942963D1}"
EndProject
Project("{2150E333-8FDC-42A3-9474-1A3956D46DE8}") = "Web", "Web", "{276DAAE2-4C76-4294-AC2E-2951F12928F3}"
EndProject
Project("{FAE04EC0-301F-11D3-BF4B-00C04F79EFBC}") = "Easyvan.Infrastructure.Api", "Easyvan.Infrastructure.Api\Easyvan.Infrastructure.Api.csproj", "{C19FDC28-EB7B-4F4C-8332-B2D81FE60840}"
EndProject
Project("{2150E333-8FDC-42A3-9474-1A3956D46DE8}") = "Log", "Log", "{00827BBC-1FE7-4C56-94F9-D99F3C1CCA22}"
EndProject
Global
	GlobalSection(SolutionConfigurationPlatforms) = preSolution
		Debug|Any CPU = Debug|Any CPU
		Release|Any CPU = Release|Any CPU
	EndGlobalSection
	GlobalSection(ProjectConfigurationPlatforms) = postSolution
		{3AB3F0FC-3C35-4036-B018-41EAAC877CDD}.Debug|Any CPU.ActiveCfg = Debug|Any CPU
		{3AB3F0FC-3C35-4036-B018-41EAAC877CDD}.Debug|Any CPU.Build.0 = Debug|Any CPU
		{3AB3F0FC-3C35-4036-B018-41EAAC877CDD}.Release|Any CPU.ActiveCfg = Release|Any CPU
		{3AB3F0FC-3C35-4036-B018-41EAAC877CDD}.Release|Any CPU.Build.0 = Release|Any CPU
		{EA7521E2-8DE3-43B9-A588-1BA346D3EBFF}.Debug|Any CPU.ActiveCfg = Debug|Any CPU
		{EA7521E2-8DE3-43B9-A588-1BA346D3EBFF}.Debug|Any CPU.Build.0 = Debug|Any CPU
		{EA7521E2-8DE3-43B9-A588-1BA346D3EBFF}.Release|Any CPU.ActiveCfg = Release|Any CPU
		{EA7521E2-8DE3-43B9-A588-1BA346D3EBFF}.Release|Any CPU.Build.0 = Release|Any CPU
		{A2092F93-FAEE-40E6-A0B9-97F7A225BD75}.Debug|Any CPU.ActiveCfg = Debug|Any CPU
		{A2092F93-FAEE-40E6-A0B9-97F7A225BD75}.Debug|Any CPU.Build.0 = Debug|Any CPU
		{A2092F93-FAEE-40E6-A0B9-97F7A225BD75}.Release|Any CPU.ActiveCfg = Release|Any CPU
		{A2092F93-FAEE-40E6-A0B9-97F7A225BD75}.Release|Any CPU.Build.0 = Release|Any CPU
		{788E93E7-78B0-4D5A-8D14-5594BA8B212D}.Debug|Any CPU.ActiveCfg = Debug|Any CPU
		{788E93E7-78B0-4D5A-8D14-5594BA8B212D}.Debug|Any CPU.Build.0 = Debug|Any CPU
		{788E93E7-78B0-4D5A-8D14-5594BA8B212D}.Release|Any CPU.ActiveCfg = Release|Any CPU
		{788E93E7-78B0-4D5A-8D14-5594BA8B212D}.Release|Any CPU.Build.0 = Release|Any CPU
		{519AE560-85F9-401C-A8C2-24A282170F0B}.Debug|Any CPU.ActiveCfg = Debug|Any CPU
		{519AE560-85F9-401C-A8C2-24A282170F0B}.Debug|Any CPU.Build.0 = Debug|Any CPU
		{519AE560-85F9-401C-A8C2-24A282170F0B}.Release|Any CPU.ActiveCfg = Release|Any CPU
		{519AE560-85F9-401C-A8C2-24A282170F0B}.Release|Any CPU.Build.0 = Release|Any CPU
		{D36E22C2-9176-426D-9375-E4FFAB34C9FE}.Debug|Any CPU.ActiveCfg = Debug|Any CPU
		{D36E22C2-9176-426D-9375-E4FFAB34C9FE}.Debug|Any CPU.Build.0 = Debug|Any CPU
		{D36E22C2-9176-426D-9375-E4FFAB34C9FE}.Release|Any CPU.ActiveCfg = Release|Any CPU
		{D36E22C2-9176-426D-9375-E4FFAB34C9FE}.Release|Any CPU.Build.0 = Release|Any CPU
		{659E2564-681E-4AE5-9204-34A0942963D1}.Debug|Any CPU.ActiveCfg = Debug|Any CPU
		{659E2564-681E-4AE5-9204-34A0942963D1}.Debug|Any CPU.Build.0 = Debug|Any CPU
		{659E2564-681E-4AE5-9204-34A0942963D1}.Release|Any CPU.ActiveCfg = Release|Any CPU
		{659E2564-681E-4AE5-9204-34A0942963D1}.Release|Any CPU.Build.0 = Release|Any CPU
		{C19FDC28-EB7B-4F4C-8332-B2D81FE60840}.Debug|Any CPU.ActiveCfg = Debug|Any CPU
		{C19FDC28-EB7B-4F4C-8332-B2D81FE60840}.Debug|Any CPU.Build.0 = Debug|Any CPU
		{C19FDC28-EB7B-4F4C-8332-B2D81FE60840}.Release|Any CPU.ActiveCfg = Release|Any CPU
		{C19FDC28-EB7B-4F4C-8332-B2D81FE60840}.Release|Any CPU.Build.0 = Release|Any CPU
	EndGlobalSection
	GlobalSection(SolutionProperties) = preSolution
		HideSolutionNode = FALSE
	EndGlobalSection
	GlobalSection(NestedProjects) = preSolution
		{920B6C5D-C964-4874-A055-3BA3600A9901} = {445C4C04-BBD3-4027-A583-F127435DB323}
		{8CFC5C20-3693-43C3-88EB-B13F69536F4B} = {445C4C04-BBD3-4027-A583-F127435DB323}
		{084FD520-5E81-4A81-B1C3-9A4F8E4903BE} = {445C4C04-BBD3-4027-A583-F127435DB323}
		{44EF3E20-88F9-4F01-8F1A-36AE61172531} = {0FC4C1B7-9219-443D-97A4-9A15E33A6AEF}
		{C51E7FA5-7B6C-4201-B7F9-B10EE40E66E5} = {0FC4C1B7-9219-443D-97A4-9A15E33A6AEF}
		{43EB9D35-9C37-406A-999A-661061428C14} = {0FC4C1B7-9219-443D-97A4-9A15E33A6AEF}
		{0ABE3168-5C79-4F6A-8AFE-F53C02D3B9E8} = {FFFF2676-E50E-4193-9FA1-3178CCD660A4}
		{3AB3F0FC-3C35-4036-B018-41EAAC877CDD} = {FFFF2676-E50E-4193-9FA1-3178CCD660A4}
		{EA7521E2-8DE3-43B9-A588-1BA346D3EBFF} = {920B6C5D-C964-4874-A055-3BA3600A9901}
		{A2092F93-FAEE-40E6-A0B9-97F7A225BD75} = {8CFC5C20-3693-43C3-88EB-B13F69536F4B}
		{788E93E7-78B0-4D5A-8D14-5594BA8B212D} = {084FD520-5E81-4A81-B1C3-9A4F8E4903BE}
		{519AE560-85F9-401C-A8C2-24A282170F0B} = {0ABE3168-5C79-4F6A-8AFE-F53C02D3B9E8}
		{D36E22C2-9176-426D-9375-E4FFAB34C9FE} = {44EF3E20-88F9-4F01-8F1A-36AE61172531}
		{659E2564-681E-4AE5-9204-34A0942963D1} = {43EB9D35-9C37-406A-999A-661061428C14}
		{276DAAE2-4C76-4294-AC2E-2951F12928F3} = {63541D4B-8B60-4493-8E8F-6FDF6818EA9A}
		{C19FDC28-EB7B-4F4C-8332-B2D81FE60840} = {276DAAE2-4C76-4294-AC2E-2951F12928F3}
		{00827BBC-1FE7-4C56-94F9-D99F3C1CCA22} = {63541D4B-8B60-4493-8E8F-6FDF6818EA9A}
	EndGlobalSection
	GlobalSection(ExtensibilityGlobals) = postSolution
		SolutionGuid = {DFD225CF-223D-409A-A87B-82E96EE50E63}
	EndGlobalSection
EndGlobal
